// !$*UTF8*$!
{
	archiveVersion = 1;
	classes = {
	};
	objectVersion = 46;
	objects = {

/* Begin PBXBuildFile section */
		360C1B251DE12B5C0028BFA7 /* QuartzCore.framework in Frameworks */ = {isa = PBXBuildFile; fileRef = 360C1B241DE12B5C0028BFA7 /* QuartzCore.framework */; };
		360C1B271DE12B620028BFA7 /* ImageIO.framework in Frameworks */ = {isa = PBXBuildFile; fileRef = 360C1B261DE12B620028BFA7 /* ImageIO.framework */; };
		360C1B291DE12B900028BFA7 /* CoreMedia.framework in Frameworks */ = {isa = PBXBuildFile; fileRef = 360C1B281DE12B900028BFA7 /* CoreMedia.framework */; };
		361F99861DDFDB3D00EEAD20 /* main.m in Sources */ = {isa = PBXBuildFile; fileRef = 361F99851DDFDB3D00EEAD20 /* main.m */; };
		361F99891DDFDB3D00EEAD20 /* AppDelegate.m in Sources */ = {isa = PBXBuildFile; fileRef = 361F99881DDFDB3D00EEAD20 /* AppDelegate.m */; };
		361F99911DDFDB3D00EEAD20 /* Assets.xcassets in Resources */ = {isa = PBXBuildFile; fileRef = 361F99901DDFDB3D00EEAD20 /* Assets.xcassets */; };
		361F99A21DDFE4E900EEAD20 /* Accelerate.framework in Frameworks */ = {isa = PBXBuildFile; fileRef = 361F99A11DDFE4E900EEAD20 /* Accelerate.framework */; };
		361F99A41DDFEE9800EEAD20 /* libc++.tbd in Frameworks */ = {isa = PBXBuildFile; fileRef = 361F99A31DDFEE9800EEAD20 /* libc++.tbd */; };
		361F99AC1DE0E81600EEAD20 /* PredictionDataSource.mm in Sources */ = {isa = PBXBuildFile; fileRef = 361F99AB1DE0E81600EEAD20 /* PredictionDataSource.mm */; };
		361F99AE1DE0E81600EEAD20 /* AVFoundation.framework in Frameworks */ = {isa = PBXBuildFile; fileRef = 361F99AD1DE0E81600EEAD20 /* AVFoundation.framework */; };
		362DA5EC1E67202E006B17B3 /* common.swift in Sources */ = {isa = PBXBuildFile; fileRef = 362DA5EB1E67202E006B17B3 /* common.swift */; };
		3652C3291E72C70000FAAC17 /* RootViewController.swift in Sources */ = {isa = PBXBuildFile; fileRef = 3652C3281E72C70000FAAC17 /* RootViewController.swift */; };
		369A34F81E7D2CEA008D3D2B /* faceDetectorCell.swift in Sources */ = {isa = PBXBuildFile; fileRef = 369A34F71E7D2CEA008D3D2B /* faceDetectorCell.swift */; };
		369A34FA1E7FC9BA008D3D2B /* CommonProtocols.swift in Sources */ = {isa = PBXBuildFile; fileRef = 369A34F91E7FC9BA008D3D2B /* CommonProtocols.swift */; };
		369A34FC1E7FE160008D3D2B /* MainDataSource.swift in Sources */ = {isa = PBXBuildFile; fileRef = 369A34FB1E7FE160008D3D2B /* MainDataSource.swift */; };
		36A348B31E243A250062E21D /* imagenet_comp_graph_label_strings.txt in Resources */ = {isa = PBXBuildFile; fileRef = 36A348B21E243A250062E21D /* imagenet_comp_graph_label_strings.txt */; };
		36A71CA31E723C62008EC8F7 /* RootCoordinator.swift in Sources */ = {isa = PBXBuildFile; fileRef = 36A71CA21E723C62008EC8F7 /* RootCoordinator.swift */; };
		36A875A61E737DF300A5D955 /* tensorFlowDataSource.swift in Sources */ = {isa = PBXBuildFile; fileRef = 36A875A51E737DF300A5D955 /* tensorFlowDataSource.swift */; };
		36CA9EC21E642B4E0052C402 /* tensorFlowCell.swift in Sources */ = {isa = PBXBuildFile; fileRef = 36CA9EC11E642B4E0052C402 /* tensorFlowCell.swift */; };
		36CA9EC41E642BB00052C402 /* outputCell.swift in Sources */ = {isa = PBXBuildFile; fileRef = 36CA9EC31E642BB00052C402 /* outputCell.swift */; };
		36F8203D1DE0A991005DEC05 /* tensorflow_utils.mm in Sources */ = {isa = PBXBuildFile; fileRef = 36F8203C1DE0A991005DEC05 /* tensorflow_utils.mm */; };
		36F820431DE0B397005DEC05 /* MainViewController.swift in Sources */ = {isa = PBXBuildFile; fileRef = 36F820421DE0B397005DEC05 /* MainViewController.swift */; };
		36F9F9B71E5DB12800056568 /* libtensorflow-core.a in Frameworks */ = {isa = PBXBuildFile; fileRef = 36F9F9B61E5DB12800056568 /* libtensorflow-core.a */; };
		36F9F9B91E5DB14400056568 /* libprotobuf.a in Frameworks */ = {isa = PBXBuildFile; fileRef = 36F9F9B81E5DB14400056568 /* libprotobuf.a */; };
		36F9F9BB1E5DB15C00056568 /* libprotobuf-lite.a in Frameworks */ = {isa = PBXBuildFile; fileRef = 36F9F9BA1E5DB15C00056568 /* libprotobuf-lite.a */; };
		36F9F9BC1E5DB21700056568 /* tensorflow_inception_graph.pb in Resources */ = {isa = PBXBuildFile; fileRef = 36A348B11E243A200062E21D /* tensorflow_inception_graph.pb */; };
/* End PBXBuildFile section */

/* Begin PBXFileReference section */
		360C1B241DE12B5C0028BFA7 /* QuartzCore.framework */ = {isa = PBXFileReference; lastKnownFileType = wrapper.framework; name = QuartzCore.framework; path = System/Library/Frameworks/QuartzCore.framework; sourceTree = SDKROOT; };
		360C1B261DE12B620028BFA7 /* ImageIO.framework */ = {isa = PBXFileReference; lastKnownFileType = wrapper.framework; name = ImageIO.framework; path = System/Library/Frameworks/ImageIO.framework; sourceTree = SDKROOT; };
		360C1B281DE12B900028BFA7 /* CoreMedia.framework */ = {isa = PBXFileReference; lastKnownFileType = wrapper.framework; name = CoreMedia.framework; path = System/Library/Frameworks/CoreMedia.framework; sourceTree = SDKROOT; };
		361F99811DDFDB3D00EEAD20 /* blind.eye.app */ = {isa = PBXFileReference; explicitFileType = wrapper.application; includeInIndex = 0; path = blind.eye.app; sourceTree = BUILT_PRODUCTS_DIR; };
		361F99851DDFDB3D00EEAD20 /* main.m */ = {isa = PBXFileReference; lastKnownFileType = sourcecode.c.objc; path = main.m; sourceTree = "<group>"; };
		361F99871DDFDB3D00EEAD20 /* AppDelegate.h */ = {isa = PBXFileReference; lastKnownFileType = sourcecode.c.h; path = AppDelegate.h; sourceTree = "<group>"; };
		361F99881DDFDB3D00EEAD20 /* AppDelegate.m */ = {isa = PBXFileReference; lastKnownFileType = sourcecode.c.objc; path = AppDelegate.m; sourceTree = "<group>"; };
		361F99901DDFDB3D00EEAD20 /* Assets.xcassets */ = {isa = PBXFileReference; lastKnownFileType = folder.assetcatalog; path = Assets.xcassets; sourceTree = "<group>"; };
		361F99951DDFDB3D00EEAD20 /* Info.plist */ = {isa = PBXFileReference; lastKnownFileType = text.plist.xml; path = Info.plist; sourceTree = "<group>"; };
		361F99A11DDFE4E900EEAD20 /* Accelerate.framework */ = {isa = PBXFileReference; lastKnownFileType = wrapper.framework; name = Accelerate.framework; path = System/Library/Frameworks/Accelerate.framework; sourceTree = SDKROOT; };
		361F99A31DDFEE9800EEAD20 /* libc++.tbd */ = {isa = PBXFileReference; lastKnownFileType = "sourcecode.text-based-dylib-definition"; name = "libc++.tbd"; path = "usr/lib/libc++.tbd"; sourceTree = SDKROOT; };
		361F99AA1DE0E81600EEAD20 /* PredictionDataSource.h */ = {isa = PBXFileReference; fileEncoding = 4; lastKnownFileType = sourcecode.c.h; path = PredictionDataSource.h; sourceTree = "<group>"; };
		361F99AB1DE0E81600EEAD20 /* PredictionDataSource.mm */ = {isa = PBXFileReference; fileEncoding = 4; lastKnownFileType = sourcecode.cpp.objcpp; path = PredictionDataSource.mm; sourceTree = "<group>"; };
		361F99AD1DE0E81600EEAD20 /* AVFoundation.framework */ = {isa = PBXFileReference; lastKnownFileType = wrapper.framework; name = AVFoundation.framework; path = System/Library/Frameworks/AVFoundation.framework; sourceTree = SDKROOT; };
		362DA5EB1E67202E006B17B3 /* common.swift */ = {isa = PBXFileReference; fileEncoding = 4; lastKnownFileType = sourcecode.swift; path = common.swift; sourceTree = "<group>"; };
		3652C3281E72C70000FAAC17 /* RootViewController.swift */ = {isa = PBXFileReference; fileEncoding = 4; lastKnownFileType = sourcecode.swift; path = RootViewController.swift; sourceTree = "<group>"; };
		369A34F71E7D2CEA008D3D2B /* faceDetectorCell.swift */ = {isa = PBXFileReference; fileEncoding = 4; lastKnownFileType = sourcecode.swift; path = faceDetectorCell.swift; sourceTree = "<group>"; };
		369A34F91E7FC9BA008D3D2B /* CommonProtocols.swift */ = {isa = PBXFileReference; fileEncoding = 4; lastKnownFileType = sourcecode.swift; path = CommonProtocols.swift; sourceTree = "<group>"; };
		369A34FB1E7FE160008D3D2B /* MainDataSource.swift */ = {isa = PBXFileReference; fileEncoding = 4; lastKnownFileType = sourcecode.swift; path = MainDataSource.swift; sourceTree = "<group>"; };
		36A348B11E243A200062E21D /* tensorflow_inception_graph.pb */ = {isa = PBXFileReference; lastKnownFileType = file; path = tensorflow_inception_graph.pb; sourceTree = "<group>"; };
		36A348B21E243A250062E21D /* imagenet_comp_graph_label_strings.txt */ = {isa = PBXFileReference; fileEncoding = 4; lastKnownFileType = text; path = imagenet_comp_graph_label_strings.txt; sourceTree = "<group>"; };
		36A71CA21E723C62008EC8F7 /* RootCoordinator.swift */ = {isa = PBXFileReference; fileEncoding = 4; lastKnownFileType = sourcecode.swift; path = RootCoordinator.swift; sourceTree = "<group>"; };
		36A875A51E737DF300A5D955 /* tensorFlowDataSource.swift */ = {isa = PBXFileReference; fileEncoding = 4; lastKnownFileType = sourcecode.swift; path = tensorFlowDataSource.swift; sourceTree = "<group>"; };
		36CA9EC11E642B4E0052C402 /* tensorFlowCell.swift */ = {isa = PBXFileReference; fileEncoding = 4; lastKnownFileType = sourcecode.swift; path = tensorFlowCell.swift; sourceTree = "<group>"; };
		36CA9EC31E642BB00052C402 /* outputCell.swift */ = {isa = PBXFileReference; fileEncoding = 4; lastKnownFileType = sourcecode.swift; path = outputCell.swift; sourceTree = "<group>"; };
		36F8203B1DE0A991005DEC05 /* tensorflow_utils.h */ = {isa = PBXFileReference; fileEncoding = 4; lastKnownFileType = sourcecode.c.h; path = tensorflow_utils.h; sourceTree = "<group>"; };
		36F8203C1DE0A991005DEC05 /* tensorflow_utils.mm */ = {isa = PBXFileReference; fileEncoding = 4; lastKnownFileType = sourcecode.cpp.objcpp; path = tensorflow_utils.mm; sourceTree = "<group>"; };
		36F8203F1DE0AE7E005DEC05 /* tf.ex-Bridging-Header.h */ = {isa = PBXFileReference; lastKnownFileType = sourcecode.c.h; path = "tf.ex-Bridging-Header.h"; sourceTree = "<group>"; };
		36F820421DE0B397005DEC05 /* MainViewController.swift */ = {isa = PBXFileReference; fileEncoding = 4; lastKnownFileType = sourcecode.swift; path = MainViewController.swift; sourceTree = "<group>"; };
		36F9F9B61E5DB12800056568 /* libtensorflow-core.a */ = {isa = PBXFileReference; lastKnownFileType = archive.ar; name = "libtensorflow-core.a"; path = "../../Desktop/deep_learning/tf/tensorflow/tensorflow/contrib/makefile/gen/lib/libtensorflow-core.a"; sourceTree = "<group>"; };
		36F9F9B81E5DB14400056568 /* libprotobuf.a */ = {isa = PBXFileReference; lastKnownFileType = archive.ar; name = libprotobuf.a; path = ../../Desktop/deep_learning/tf/tensorflow/tensorflow/contrib/makefile/gen/protobuf_ios/lib/libprotobuf.a; sourceTree = "<group>"; };
		36F9F9BA1E5DB15C00056568 /* libprotobuf-lite.a */ = {isa = PBXFileReference; lastKnownFileType = archive.ar; name = "libprotobuf-lite.a"; path = "../../Desktop/deep_learning/tf/tensorflow/tensorflow/contrib/makefile/gen/protobuf_ios/lib/libprotobuf-lite.a"; sourceTree = "<group>"; };
/* End PBXFileReference section */

/* Begin PBXFrameworksBuildPhase section */
		361F997E1DDFDB3D00EEAD20 /* Frameworks */ = {
			isa = PBXFrameworksBuildPhase;
			buildActionMask = 2147483647;
			files = (
				360C1B291DE12B900028BFA7 /* CoreMedia.framework in Frameworks */,
				360C1B271DE12B620028BFA7 /* ImageIO.framework in Frameworks */,
				360C1B251DE12B5C0028BFA7 /* QuartzCore.framework in Frameworks */,
				361F99AE1DE0E81600EEAD20 /* AVFoundation.framework in Frameworks */,
				36F9F9B91E5DB14400056568 /* libprotobuf.a in Frameworks */,
				361F99A41DDFEE9800EEAD20 /* libc++.tbd in Frameworks */,
				361F99A21DDFE4E900EEAD20 /* Accelerate.framework in Frameworks */,
				36F9F9B71E5DB12800056568 /* libtensorflow-core.a in Frameworks */,
				36F9F9BB1E5DB15C00056568 /* libprotobuf-lite.a in Frameworks */,
			);
			runOnlyForDeploymentPostprocessing = 0;
		};
/* End PBXFrameworksBuildPhase section */

/* Begin PBXGroup section */
		361F99781DDFDB3D00EEAD20 = {
			isa = PBXGroup;
			children = (
				36F8203E1DE0A9A5005DEC05 /* Frameworks */,
				361F99831DDFDB3D00EEAD20 /* tf.ex */,
				361F99821DDFDB3D00EEAD20 /* Products */,
			);
			sourceTree = "<group>";
		};
		361F99821DDFDB3D00EEAD20 /* Products */ = {
			isa = PBXGroup;
			children = (
				361F99811DDFDB3D00EEAD20 /* blind.eye.app */,
			);
			name = Products;
			sourceTree = "<group>";
		};
		361F99831DDFDB3D00EEAD20 /* tf.ex */ = {
			isa = PBXGroup;
			children = (
				361F99871DDFDB3D00EEAD20 /* AppDelegate.h */,
				361F99881DDFDB3D00EEAD20 /* AppDelegate.m */,
				369A34F91E7FC9BA008D3D2B /* CommonProtocols.swift */,
				36A71CA21E723C62008EC8F7 /* RootCoordinator.swift */,
				3652C3281E72C70000FAAC17 /* RootViewController.swift */,
				36F820421DE0B397005DEC05 /* MainViewController.swift */,
				369A34FB1E7FE160008D3D2B /* MainDataSource.swift */,
				36CA9EC11E642B4E0052C402 /* tensorFlowCell.swift */,
				36A875A51E737DF300A5D955 /* tensorFlowDataSource.swift */,
				36CA9EC31E642BB00052C402 /* outputCell.swift */,
				361F99AA1DE0E81600EEAD20 /* PredictionDataSource.h */,
				361F99AB1DE0E81600EEAD20 /* PredictionDataSource.mm */,
				362DA5EB1E67202E006B17B3 /* common.swift */,
				369A34F71E7D2CEA008D3D2B /* faceDetectorCell.swift */,
				361F99901DDFDB3D00EEAD20 /* Assets.xcassets */,
				361F99951DDFDB3D00EEAD20 /* Info.plist */,
				361F99841DDFDB3D00EEAD20 /* Supporting Files */,
			);
			path = tf.ex;
			sourceTree = "<group>";
		};
		361F99841DDFDB3D00EEAD20 /* Supporting Files */ = {
			isa = PBXGroup;
			children = (
				36F8203F1DE0AE7E005DEC05 /* tf.ex-Bridging-Header.h */,
				36F8203B1DE0A991005DEC05 /* tensorflow_utils.h */,
				36A348B21E243A250062E21D /* imagenet_comp_graph_label_strings.txt */,
				36F8203C1DE0A991005DEC05 /* tensorflow_utils.mm */,
				36A348B11E243A200062E21D /* tensorflow_inception_graph.pb */,
				361F99851DDFDB3D00EEAD20 /* main.m */,
			);
			name = "Supporting Files";
			sourceTree = "<group>";
		};
		36F8203E1DE0A9A5005DEC05 /* Frameworks */ = {
			isa = PBXGroup;
			children = (
				36F9F9BA1E5DB15C00056568 /* libprotobuf-lite.a */,
				360C1B281DE12B900028BFA7 /* CoreMedia.framework */,
				360C1B261DE12B620028BFA7 /* ImageIO.framework */,
				360C1B241DE12B5C0028BFA7 /* QuartzCore.framework */,
				361F99A31DDFEE9800EEAD20 /* libc++.tbd */,
				361F99A11DDFE4E900EEAD20 /* Accelerate.framework */,
				36F9F9B81E5DB14400056568 /* libprotobuf.a */,
				36F9F9B61E5DB12800056568 /* libtensorflow-core.a */,
				361F99AD1DE0E81600EEAD20 /* AVFoundation.framework */,
			);
			name = Frameworks;
			sourceTree = "<group>";
		};
/* End PBXGroup section */

/* Begin PBXNativeTarget section */
		361F99801DDFDB3D00EEAD20 /* blind.eye */ = {
			isa = PBXNativeTarget;
			buildConfigurationList = 361F99981DDFDB3D00EEAD20 /* Build configuration list for PBXNativeTarget "blind.eye" */;
			buildPhases = (
				361F997D1DDFDB3D00EEAD20 /* Sources */,
				361F997E1DDFDB3D00EEAD20 /* Frameworks */,
				361F997F1DDFDB3D00EEAD20 /* Resources */,
			);
			buildRules = (
			);
			dependencies = (
			);
			name = blind.eye;
			productName = tf.ex;
			productReference = 361F99811DDFDB3D00EEAD20 /* blind.eye.app */;
			productType = "com.apple.product-type.application";
		};
/* End PBXNativeTarget section */

/* Begin PBXProject section */
		361F99791DDFDB3D00EEAD20 /* Project object */ = {
			isa = PBXProject;
			attributes = {
				LastUpgradeCheck = 0810;
				ORGANIZATIONNAME = scm197;
				TargetAttributes = {
					361F99801DDFDB3D00EEAD20 = {
						CreatedOnToolsVersion = 7.3.1;
						DevelopmentTeam = B8389ZXE5K;
						LastSwiftMigration = 0810;
					};
				};
			};
			buildConfigurationList = 361F997C1DDFDB3D00EEAD20 /* Build configuration list for PBXProject "blind.eye" */;
			compatibilityVersion = "Xcode 3.2";
			developmentRegion = English;
			hasScannedForEncodings = 0;
			knownRegions = (
				en,
				Base,
			);
			mainGroup = 361F99781DDFDB3D00EEAD20;
			productRefGroup = 361F99821DDFDB3D00EEAD20 /* Products */;
			projectDirPath = "";
			projectRoot = "";
			targets = (
				361F99801DDFDB3D00EEAD20 /* blind.eye */,
			);
		};
/* End PBXProject section */

/* Begin PBXResourcesBuildPhase section */
		361F997F1DDFDB3D00EEAD20 /* Resources */ = {
			isa = PBXResourcesBuildPhase;
			buildActionMask = 2147483647;
			files = (
				36A348B31E243A250062E21D /* imagenet_comp_graph_label_strings.txt in Resources */,
				36F9F9BC1E5DB21700056568 /* tensorflow_inception_graph.pb in Resources */,
				361F99911DDFDB3D00EEAD20 /* Assets.xcassets in Resources */,
			);
			runOnlyForDeploymentPostprocessing = 0;
		};
/* End PBXResourcesBuildPhase section */

/* Begin PBXSourcesBuildPhase section */
		361F997D1DDFDB3D00EEAD20 /* Sources */ = {
			isa = PBXSourcesBuildPhase;
			buildActionMask = 2147483647;
			files = (
				36A875A61E737DF300A5D955 /* tensorFlowDataSource.swift in Sources */,
				3652C3291E72C70000FAAC17 /* RootViewController.swift in Sources */,
				362DA5EC1E67202E006B17B3 /* common.swift in Sources */,
				369A34FA1E7FC9BA008D3D2B /* CommonProtocols.swift in Sources */,
				36CA9EC21E642B4E0052C402 /* tensorFlowCell.swift in Sources */,
				36CA9EC41E642BB00052C402 /* outputCell.swift in Sources */,
				361F99AC1DE0E81600EEAD20 /* PredictionDataSource.mm in Sources */,
				361F99891DDFDB3D00EEAD20 /* AppDelegate.m in Sources */,
				36F8203D1DE0A991005DEC05 /* tensorflow_utils.mm in Sources */,
				36F820431DE0B397005DEC05 /* MainViewController.swift in Sources */,
				36A71CA31E723C62008EC8F7 /* RootCoordinator.swift in Sources */,
				369A34F81E7D2CEA008D3D2B /* faceDetectorCell.swift in Sources */,
				361F99861DDFDB3D00EEAD20 /* main.m in Sources */,
				369A34FC1E7FE160008D3D2B /* MainDataSource.swift in Sources */,
			);
			runOnlyForDeploymentPostprocessing = 0;
		};
/* End PBXSourcesBuildPhase section */

/* Begin XCBuildConfiguration section */
		361F99961DDFDB3D00EEAD20 /* Debug */ = {
			isa = XCBuildConfiguration;
			buildSettings = {
				ALWAYS_SEARCH_USER_PATHS = NO;
				CLANG_ANALYZER_NONNULL = YES;
				CLANG_CXX_LANGUAGE_STANDARD = "gnu++0x";
				CLANG_CXX_LIBRARY = "libc++";
				CLANG_ENABLE_MODULES = YES;
				CLANG_ENABLE_OBJC_ARC = YES;
				CLANG_WARN_BOOL_CONVERSION = YES;
				CLANG_WARN_CONSTANT_CONVERSION = YES;
				CLANG_WARN_DIRECT_OBJC_ISA_USAGE = YES_ERROR;
				CLANG_WARN_EMPTY_BODY = YES;
				CLANG_WARN_ENUM_CONVERSION = YES;
				CLANG_WARN_INT_CONVERSION = YES;
				CLANG_WARN_OBJC_ROOT_CLASS = YES_ERROR;
				CLANG_WARN_UNREACHABLE_CODE = YES;
				CLANG_WARN__DUPLICATE_METHOD_MATCH = YES;
				"CODE_SIGN_IDENTITY[sdk=iphoneos*]" = "iPhone Developer";
				COPY_PHASE_STRIP = NO;
				DEBUG_INFORMATION_FORMAT = dwarf;
				ENABLE_STRICT_OBJC_MSGSEND = YES;
				ENABLE_TESTABILITY = YES;
				GCC_C_LANGUAGE_STANDARD = gnu99;
				GCC_DYNAMIC_NO_PIC = NO;
				GCC_NO_COMMON_BLOCKS = YES;
				GCC_OPTIMIZATION_LEVEL = 0;
				GCC_PREPROCESSOR_DEFINITIONS = (
					"DEBUG=1",
					"$(inherited)",
				);
				GCC_WARN_64_TO_32_BIT_CONVERSION = YES;
				GCC_WARN_ABOUT_RETURN_TYPE = YES_ERROR;
				GCC_WARN_UNDECLARED_SELECTOR = YES;
				GCC_WARN_UNINITIALIZED_AUTOS = YES_AGGRESSIVE;
				GCC_WARN_UNUSED_FUNCTION = YES;
				GCC_WARN_UNUSED_VARIABLE = YES;
				IPHONEOS_DEPLOYMENT_TARGET = 9.3;
				MTL_ENABLE_DEBUG_INFO = YES;
				ONLY_ACTIVE_ARCH = YES;
				SDKROOT = iphoneos;
				TARGETED_DEVICE_FAMILY = "1,2";
			};
			name = Debug;
		};
		361F99971DDFDB3D00EEAD20 /* Release */ = {
			isa = XCBuildConfiguration;
			buildSettings = {
				ALWAYS_SEARCH_USER_PATHS = NO;
				CLANG_ANALYZER_NONNULL = YES;
				CLANG_CXX_LANGUAGE_STANDARD = "gnu++0x";
				CLANG_CXX_LIBRARY = "libc++";
				CLANG_ENABLE_MODULES = YES;
				CLANG_ENABLE_OBJC_ARC = YES;
				CLANG_WARN_BOOL_CONVERSION = YES;
				CLANG_WARN_CONSTANT_CONVERSION = YES;
				CLANG_WARN_DIRECT_OBJC_ISA_USAGE = YES_ERROR;
				CLANG_WARN_EMPTY_BODY = YES;
				CLANG_WARN_ENUM_CONVERSION = YES;
				CLANG_WARN_INT_CONVERSION = YES;
				CLANG_WARN_OBJC_ROOT_CLASS = YES_ERROR;
				CLANG_WARN_UNREACHABLE_CODE = YES;
				CLANG_WARN__DUPLICATE_METHOD_MATCH = YES;
				"CODE_SIGN_IDENTITY[sdk=iphoneos*]" = "iPhone Developer";
				COPY_PHASE_STRIP = NO;
				DEBUG_INFORMATION_FORMAT = "dwarf-with-dsym";
				ENABLE_NS_ASSERTIONS = NO;
				ENABLE_STRICT_OBJC_MSGSEND = YES;
				GCC_C_LANGUAGE_STANDARD = gnu99;
				GCC_NO_COMMON_BLOCKS = YES;
				GCC_WARN_64_TO_32_BIT_CONVERSION = YES;
				GCC_WARN_ABOUT_RETURN_TYPE = YES_ERROR;
				GCC_WARN_UNDECLARED_SELECTOR = YES;
				GCC_WARN_UNINITIALIZED_AUTOS = YES_AGGRESSIVE;
				GCC_WARN_UNUSED_FUNCTION = YES;
				GCC_WARN_UNUSED_VARIABLE = YES;
				IPHONEOS_DEPLOYMENT_TARGET = 9.3;
				MTL_ENABLE_DEBUG_INFO = NO;
				SDKROOT = iphoneos;
				TARGETED_DEVICE_FAMILY = "1,2";
				VALIDATE_PRODUCT = YES;
			};
			name = Release;
		};
		361F99991DDFDB3D00EEAD20 /* Debug */ = {
			isa = XCBuildConfiguration;
			buildSettings = {
				ASSETCATALOG_COMPILER_APPICON_NAME = AppIcon;
				CLANG_CXX_LANGUAGE_STANDARD = "gnu++0x";
				CLANG_CXX_LIBRARY = "libc++";
				CLANG_ENABLE_MODULES = YES;
				DEFINES_MODULE = YES;
				DEVELOPMENT_TEAM = B8389ZXE5K;
				ENABLE_BITCODE = NO;
				FRAMEWORK_SEARCH_PATHS = (
					"$(inherited)",
					"$(PROJECT_DIR)",
				);
				HEADER_SEARCH_PATHS = (
					/Users/scm197/Desktop/deep_learning/tf/tensorflow/tensorflow/contrib/makefile/downloads/protobuf/src,
					/Users/scm197/Desktop/deep_learning/tf/tensorflow,
					/Users/scm197/Desktop/deep_learning/tf/tensorflow/tensorflow/contrib/makefile/downloads,
					/Users/scm197/Desktop/deep_learning/tf/tensorflow/tensorflow/contrib/makefile/downloads/eigen,
					/Users/scm197/Desktop/deep_learning/tf/tensorflow/tensorflow/contrib/makefile/gen/proto,
				);
				IBSC_MODULE = tf_ex;
				INFOPLIST_FILE = tf.ex/Info.plist;
				IPHONEOS_DEPLOYMENT_TARGET = 9.2;
				LD_RUNPATH_SEARCH_PATHS = "$(inherited) @executable_path/Frameworks";
				LIBRARY_SEARCH_PATHS = (
					/Users/scm197/Desktop/deep_learning/tf/tensorflow/tensorflow/contrib/makefile/gen/lib,
					/Users/scm197/Desktop/deep_learning/tf/tensorflow/tensorflow/contrib/makefile/gen/protobuf_ios/lib,
				);
				OTHER_LDFLAGS = (
					"-force_load",
					"/Users/scm197/Desktop/deep_learning/tf/tensorflow/tensorflow/contrib/makefile/gen/lib/libtensorflow-core.a",
					"-l",
					"\"c++\"",
				);
				PRODUCT_BUNDLE_IDENTIFIER = "scm197.tf-ex";
				PRODUCT_MODULE_NAME = tf_ex;
				PRODUCT_NAME = blind.eye;
				SWIFT_OBJC_BRIDGING_HEADER = "tf.ex/tf.ex-Bridging-Header.h";
				SWIFT_OPTIMIZATION_LEVEL = "-Onone";
				SWIFT_VERSION = 3.0;
			};
			name = Debug;
		};
		361F999A1DDFDB3D00EEAD20 /* Release */ = {
			isa = XCBuildConfiguration;
			buildSettings = {
				ASSETCATALOG_COMPILER_APPICON_NAME = AppIcon;
				CLANG_CXX_LANGUAGE_STANDARD = "gnu++0x";
				CLANG_CXX_LIBRARY = "libc++";
				CLANG_ENABLE_MODULES = YES;
				DEFINES_MODULE = YES;
				DEVELOPMENT_TEAM = B8389ZXE5K;
				ENABLE_BITCODE = NO;
				FRAMEWORK_SEARCH_PATHS = (
					"$(inherited)",
					"$(PROJECT_DIR)",
				);
				HEADER_SEARCH_PATHS = (
					/Users/scm197/Desktop/deep_learning/tf/tensorflow/tensorflow/contrib/makefile/downloads/protobuf/src,
					/Users/scm197/Desktop/deep_learning/tf/tensorflow,
					/Users/scm197/Desktop/deep_learning/tf/tensorflow/tensorflow/contrib/makefile/downloads,
					/Users/scm197/Desktop/deep_learning/tf/tensorflow/tensorflow/contrib/makefile/downloads/eigen,
					/Users/scm197/Desktop/deep_learning/tf/tensorflow/tensorflow/contrib/makefile/gen/proto,
				);
				IBSC_MODULE = tf_ex;
				INFOPLIST_FILE = tf.ex/Info.plist;
				IPHONEOS_DEPLOYMENT_TARGET = 9.2;
				LD_RUNPATH_SEARCH_PATHS = "$(inherited) @executable_path/Frameworks";
				LIBRARY_SEARCH_PATHS = (
					/Users/scm197/Desktop/deep_learning/tf/tensorflow/tensorflow/contrib/makefile/gen/lib,
					/Users/scm197/Desktop/deep_learning/tf/tensorflow/tensorflow/contrib/makefile/gen/protobuf_ios/lib,
				);
				OTHER_LDFLAGS = (
					"-force_load",
					"/Users/scm197/Desktop/deep_learning/tf/tensorflow/tensorflow/contrib/makefile/gen/lib/libtensorflow-core.a",
					"-l",
					"\"c++\"",
				);
				PRODUCT_BUNDLE_IDENTIFIER = "scm197.tf-ex";
				PRODUCT_MODULE_NAME = tf_ex;
				PRODUCT_NAME = blind.eye;
				SWIFT_OBJC_BRIDGING_HEADER = "tf.ex/tf.ex-Bridging-Header.h";
				SWIFT_VERSION = 3.0;
			};
			name = Release;
		};
/* End XCBuildConfiguration section */

/* Begin XCConfigurationList section */
		361F997C1DDFDB3D00EEAD20 /* Build configuration list for PBXProject "blind.eye" */ = {
			isa = XCConfigurationList;
			buildConfigurations = (
				361F99961DDFDB3D00EEAD20 /* Debug */,
				361F99971DDFDB3D00EEAD20 /* Release */,
			);
			defaultConfigurationIsVisible = 0;
			defaultConfigurationName = Release;
		};
		361F99981DDFDB3D00EEAD20 /* Build configuration list for PBXNativeTarget "blind.eye" */ = {
			isa = XCConfigurationList;
			buildConfigurations = (
				361F99991DDFDB3D00EEAD20 /* Debug */,
				361F999A1DDFDB3D00EEAD20 /* Release */,
			);
			defaultConfigurationIsVisible = 0;
			defaultConfigurationName = Release;
		};
/* End XCConfigurationList section */
	};
	rootObject = 361F99791DDFDB3D00EEAD20 /* Project object */;
}
